
Microsoft Visual Studio Solution File, Format Version 12.00
# Visual Studio Version 17
VisualStudioVersion = 17.14.36518.9 d17.14
MinimumVisualStudioVersion = 10.0.40219.1
Project("{FAE04EC0-301F-11D3-BF4B-00C04F79EFBC}") = "Api", "Api\Api.csproj", "{16C827A9-D502-4879-A5C1-3E677C53D9E0}"
EndProject
Project("{FAE04EC0-301F-11D3-BF4B-00C04F79EFBC}") = "Domain", "Domain\Domain.csproj", "{A25DE6AB-7E38-434A-A2A8-D96FAF4F70ED}"
EndProject
Project("{FAE04EC0-301F-11D3-BF4B-00C04F79EFBC}") = "Application", "Application\Application.csproj", "{CE34C054-EE63-4224-A6A0-49EC87054208}"
EndProject
Project("{FAE04EC0-301F-11D3-BF4B-00C04F79EFBC}") = "Infrastructure", "Infrastructure\Infrastructure.csproj", "{23B70AE0-0ECC-4E6B-8A03-A6EBB442BE5F}"
EndProject
Project("{2150E333-8FDC-42A3-9474-1A3956D46DE8}") = "Docs", "Docs", "{02EA681E-C7D8-13C7-8484-4AC65E1B71E8}"
	ProjectSection(SolutionItems) = preProject
		Internal_Rules_&_Guidelines.md = Internal_Rules_&_Guidelines.md
		TextFile1.txt = TextFile1.txt
	EndProjectSection
EndProject
Project("{FAE04EC0-301F-11D3-BF4B-00C04F79EFBC}") = "xUnitTests", "xUnitTests\xUnitTests.csproj", "{65F697F6-5C6D-4F24-8B15-266840942303}"
EndProject
Global
	GlobalSection(SolutionConfigurationPlatforms) = preSolution
		Debug|Any CPU = Debug|Any CPU
		Release|Any CPU = Release|Any CPU
	EndGlobalSection
	GlobalSection(ProjectConfigurationPlatforms) = postSolution
		{16C827A9-D502-4879-A5C1-3E677C53D9E0}.Debug|Any CPU.ActiveCfg = Debug|Any CPU
		{16C827A9-D502-4879-A5C1-3E677C53D9E0}.Debug|Any CPU.Build.0 = Debug|Any CPU
		{16C827A9-D502-4879-A5C1-3E677C53D9E0}.Release|Any CPU.ActiveCfg = Release|Any CPU
		{16C827A9-D502-4879-A5C1-3E677C53D9E0}.Release|Any CPU.Build.0 = Release|Any CPU
		{A25DE6AB-7E38-434A-A2A8-D96FAF4F70ED}.Debug|Any CPU.ActiveCfg = Debug|Any CPU
		{A25DE6AB-7E38-434A-A2A8-D96FAF4F70ED}.Debug|Any CPU.Build.0 = Debug|Any CPU
		{A25DE6AB-7E38-434A-A2A8-D96FAF4F70ED}.Release|Any CPU.ActiveCfg = Release|Any CPU
		{A25DE6AB-7E38-434A-A2A8-D96FAF4F70ED}.Release|Any CPU.Build.0 = Release|Any CPU
		{CE34C054-EE63-4224-A6A0-49EC87054208}.Debug|Any CPU.ActiveCfg = Debug|Any CPU
		{CE34C054-EE63-4224-A6A0-49EC87054208}.Debug|Any CPU.Build.0 = Debug|Any CPU
		{CE34C054-EE63-4224-A6A0-49EC87054208}.Release|Any CPU.ActiveCfg = Release|Any CPU
		{CE34C054-EE63-4224-A6A0-49EC87054208}.Release|Any CPU.Build.0 = Release|Any CPU
		{23B70AE0-0ECC-4E6B-8A03-A6EBB442BE5F}.Debug|Any CPU.ActiveCfg = Debug|Any CPU
		{23B70AE0-0ECC-4E6B-8A03-A6EBB442BE5F}.Debug|Any CPU.Build.0 = Debug|Any CPU
		{23B70AE0-0ECC-4E6B-8A03-A6EBB442BE5F}.Release|Any CPU.ActiveCfg = Release|Any CPU
		{23B70AE0-0ECC-4E6B-8A03-A6EBB442BE5F}.Release|Any CPU.Build.0 = Release|Any CPU
		{65F697F6-5C6D-4F24-8B15-266840942303}.Debug|Any CPU.ActiveCfg = Debug|Any CPU
		{65F697F6-5C6D-4F24-8B15-266840942303}.Debug|Any CPU.Build.0 = Debug|Any CPU
		{65F697F6-5C6D-4F24-8B15-266840942303}.Release|Any CPU.ActiveCfg = Release|Any CPU
		{65F697F6-5C6D-4F24-8B15-266840942303}.Release|Any CPU.Build.0 = Release|Any CPU
	EndGlobalSection
	GlobalSection(SolutionProperties) = preSolution
		HideSolutionNode = FALSE
	EndGlobalSection
	GlobalSection(ExtensibilityGlobals) = postSolution
		SolutionGuid = {ED1770D9-8FEE-4D84-AEAA-4FC9388E023E}
	EndGlobalSection
EndGlobal
